
Microsoft Visual Studio Solution File, Format Version 12.00
# Visual Studio Version 17
VisualStudioVersion = 17.0.32112.339
MinimumVisualStudioVersion = 10.0.40219.1
Project("{9A19103F-16F7-4668-BE54-9A1E7A4F7556}") = "WebLabsV06", "WebLabsV06\WebLabsV06.csproj", "{D1AF1D15-2BF5-445B-9ED6-E627BF9845AF}"
EndProject
Project("{9A19103F-16F7-4668-BE54-9A1E7A4F7556}") = "WebLabsV06.DAL", "WebLabsV06.DAL\WebLabsV06.DAL.csproj", "{2C9AC020-9853-4E75-B64E-25F5E76F2C66}"
EndProject
Project("{9A19103F-16F7-4668-BE54-9A1E7A4F7556}") = "TestProject01", "TestProject01\TestProject01.csproj", "{F593EB18-DC75-4F92-8F35-37DFD477053F}"
EndProject
Global
	GlobalSection(SolutionConfigurationPlatforms) = preSolution
		Debug|Any CPU = Debug|Any CPU
		Release|Any CPU = Release|Any CPU
	EndGlobalSection
	GlobalSection(ProjectConfigurationPlatforms) = postSolution
		{D1AF1D15-2BF5-445B-9ED6-E627BF9845AF}.Debug|Any CPU.ActiveCfg = Debug|Any CPU
		{D1AF1D15-2BF5-445B-9ED6-E627BF9845AF}.Debug|Any CPU.Build.0 = Debug|Any CPU
		{D1AF1D15-2BF5-445B-9ED6-E627BF9845AF}.Release|Any CPU.ActiveCfg = Release|Any CPU
		{D1AF1D15-2BF5-445B-9ED6-E627BF9845AF}.Release|Any CPU.Build.0 = Release|Any CPU
		{2C9AC020-9853-4E75-B64E-25F5E76F2C66}.Debug|Any CPU.ActiveCfg = Debug|Any CPU
		{2C9AC020-9853-4E75-B64E-25F5E76F2C66}.Debug|Any CPU.Build.0 = Debug|Any CPU
		{2C9AC020-9853-4E75-B64E-25F5E76F2C66}.Release|Any CPU.ActiveCfg = Release|Any CPU
		{2C9AC020-9853-4E75-B64E-25F5E76F2C66}.Release|Any CPU.Build.0 = Release|Any CPU
		{F593EB18-DC75-4F92-8F35-37DFD477053F}.Debug|Any CPU.ActiveCfg = Debug|Any CPU
		{F593EB18-DC75-4F92-8F35-37DFD477053F}.Debug|Any CPU.Build.0 = Debug|Any CPU
		{F593EB18-DC75-4F92-8F35-37DFD477053F}.Release|Any CPU.ActiveCfg = Release|Any CPU
		{F593EB18-DC75-4F92-8F35-37DFD477053F}.Release|Any CPU.Build.0 = Release|Any CPU
	EndGlobalSection
	GlobalSection(SolutionProperties) = preSolution
		HideSolutionNode = FALSE
	EndGlobalSection
	GlobalSection(ExtensibilityGlobals) = postSolution
		SolutionGuid = {2BDADC85-FA64-4CD6-ADA6-B527C7654FA7}
	EndGlobalSection
EndGlobal
